// !$*UTF8*$!
{
	archiveVersion = 1;
	classes = {
	};
	objectVersion = 77;
	objects = {

/* Begin PBXContainerItemProxy section */
		C62C27DD2E512DCD00635FDF /* PBXContainerItemProxy */ = {
			isa = PBXContainerItemProxy;
			containerPortal = C62C27C42E512DCB00635FDF /* Project object */;
			proxyType = 1;
			remoteGlobalIDString = C62C27CB2E512DCB00635FDF;
			remoteInfo = Care4KidsiOSApp;
		};
		C62C27E72E512DCD00635FDF /* PBXContainerItemProxy */ = {
			isa = PBXContainerItemProxy;
			containerPortal = C62C27C42E512DCB00635FDF /* Project object */;
			proxyType = 1;
			remoteGlobalIDString = C62C27CB2E512DCB00635FDF;
			remoteInfo = Care4KidsiOSApp;
		};
/* End PBXContainerItemProxy section */

/* Begin PBXFileReference section */
		C62C27CC2E512DCB00635FDF /* Care4KidsiOSApp.app */ = {isa = PBXFileReference; explicitFileType = wrapper.application; includeInIndex = 0; path = Care4KidsiOSApp.app; sourceTree = BUILT_PRODUCTS_DIR; };
		C62C27DC2E512DCD00635FDF /* Care4KidsiOSAppTests.xctest */ = {isa = PBXFileReference; explicitFileType = wrapper.cfbundle; includeInIndex = 0; path = Care4KidsiOSAppTests.xctest; sourceTree = BUILT_PRODUCTS_DIR; };
		C62C27E62E512DCD00635FDF /* Care4KidsiOSAppUITests.xctest */ = {isa = PBXFileReference; explicitFileType = wrapper.cfbundle; includeInIndex = 0; path = Care4KidsiOSAppUITests.xctest; sourceTree = BUILT_PRODUCTS_DIR; };
/* End PBXFileReference section */

/* Begin PBXFileSystemSynchronizedBuildFileExceptionSet section */
		C62C28092E5146FF00635FDF /* Exceptions for "Care4KidsiOSApp" folder in "Care4KidsiOSApp" target */ = {
			isa = PBXFileSystemSynchronizedBuildFileExceptionSet;
			membershipExceptions = (
				Info.plist,
			);
			target = C62C27CB2E512DCB00635FDF /* Care4KidsiOSApp */;
		};
/* End PBXFileSystemSynchronizedBuildFileExceptionSet section */

/* Begin PBXFileSystemSynchronizedRootGroup section */
		C62C27CE2E512DCB00635FDF /* Care4KidsiOSApp */ = {
			isa = PBXFileSystemSynchronizedRootGroup;
			exceptions = (
				C62C28092E5146FF00635FDF /* Exceptions for "Care4KidsiOSApp" folder in "Care4KidsiOSApp" target */,
			);
			path = Care4KidsiOSApp;
			sourceTree = "<group>";
		};
		C62C27DF2E512DCD00635FDF /* Care4KidsiOSAppTests */ = {
			isa = PBXFileSystemSynchronizedRootGroup;
			path = Care4KidsiOSAppTests;
			sourceTree = "<group>";
		};
		C62C27E92E512DCD00635FDF /* Care4KidsiOSAppUITests */ = {
			isa = PBXFileSystemSynchronizedRootGroup;
			path = Care4KidsiOSAppUITests;
			sourceTree = "<group>";
		};
/* End PBXFileSystemSynchronizedRootGroup section */

/* Begin PBXFrameworksBuildPhase section */
		C62C27C92E512DCB00635FDF /* Frameworks */ = {
			isa = PBXFrameworksBuildPhase;
			buildActionMask = 2147483647;
			files = (
			);
			runOnlyForDeploymentPostprocessing = 0;
		};
		C62C27D92E512DCD00635FDF /* Frameworks */ = {
			isa = PBXFrameworksBuildPhase;
			buildActionMask = 2147483647;
			files = (
			);
			runOnlyForDeploymentPostprocessing = 0;
		};
		C62C27E32E512DCD00635FDF /* Frameworks */ = {
			isa = PBXFrameworksBuildPhase;
			buildActionMask = 2147483647;
			files = (
			);
			runOnlyForDeploymentPostprocessing = 0;
		};
/* End PBXFrameworksBuildPhase section */

/* Begin PBXGroup section */
		C62C27C32E512DCB00635FDF = {
			isa = PBXGroup;
			children = (
				C62C27CE2E512DCB00635FDF /* Care4KidsiOSApp */,
				C62C27DF2E512DCD00635FDF /* Care4KidsiOSAppTests */,
				C62C27E92E512DCD00635FDF /* Care4KidsiOSAppUITests */,
				C62C27CD2E512DCB00635FDF /* Products */,
			);
			sourceTree = "<group>";
		};
		C62C27CD2E512DCB00635FDF /* Products */ = {
			isa = PBXGroup;
			children = (
				C62C27CC2E512DCB00635FDF /* Care4KidsiOSApp.app */,
				C62C27DC2E512DCD00635FDF /* Care4KidsiOSAppTests.xctest */,
				C62C27E62E512DCD00635FDF /* Care4KidsiOSAppUITests.xctest */,
			);
			name = Products;
			sourceTree = "<group>";
		};
/* End PBXGroup section */

/* Begin PBXNativeTarget section */
		C62C27CB2E512DCB00635FDF /* Care4KidsiOSApp */ = {
			isa = PBXNativeTarget;
			buildConfigurationList = C62C27F02E512DCD00635FDF /* Build configuration list for PBXNativeTarget "Care4KidsiOSApp" */;
			buildPhases = (
				C62C27C82E512DCB00635FDF /* Sources */,
				C62C27C92E512DCB00635FDF /* Frameworks */,
				C62C27CA2E512DCB00635FDF /* Resources */,
			);
			buildRules = (
			);
			dependencies = (
			);
			fileSystemSynchronizedGroups = (
				C62C27CE2E512DCB00635FDF /* Care4KidsiOSApp */,
			);
			name = Care4KidsiOSApp;
			packageProductDependencies = (
			);
			productName = Care4KidsiOSApp;
			productReference = C62C27CC2E512DCB00635FDF /* Care4KidsiOSApp.app */;
			productType = "com.apple.product-type.application";
		};
		C62C27DB2E512DCD00635FDF /* Care4KidsiOSAppTests */ = {
			isa = PBXNativeTarget;
			buildConfigurationList = C62C27F32E512DCD00635FDF /* Build configuration list for PBXNativeTarget "Care4KidsiOSAppTests" */;
			buildPhases = (
				C62C27D82E512DCD00635FDF /* Sources */,
				C62C27D92E512DCD00635FDF /* Frameworks */,
				C62C27DA2E512DCD00635FDF /* Resources */,
			);
			buildRules = (
			);
			dependencies = (
				C62C27DE2E512DCD00635FDF /* PBXTargetDependency */,
			);
			fileSystemSynchronizedGroups = (
				C62C27DF2E512DCD00635FDF /* Care4KidsiOSAppTests */,
			);
			name = Care4KidsiOSAppTests;
			packageProductDependencies = (
			);
			productName = Care4KidsiOSAppTests;
			productReference = C62C27DC2E512DCD00635FDF /* Care4KidsiOSAppTests.xctest */;
			productType = "com.apple.product-type.bundle.unit-test";
		};
		C62C27E52E512DCD00635FDF /* Care4KidsiOSAppUITests */ = {
			isa = PBXNativeTarget;
			buildConfigurationList = C62C27F62E512DCD00635FDF /* Build configuration list for PBXNativeTarget "Care4KidsiOSAppUITests" */;
			buildPhases = (
				C62C27E22E512DCD00635FDF /* Sources */,
				C62C27E32E512DCD00635FDF /* Frameworks */,
				C62C27E42E512DCD00635FDF /* Resources */,
			);
			buildRules = (
			);
			dependencies = (
				C62C27E82E512DCD00635FDF /* PBXTargetDependency */,
			);
			fileSystemSynchronizedGroups = (
				C62C27E92E512DCD00635FDF /* Care4KidsiOSAppUITests */,
			);
			name = Care4KidsiOSAppUITests;
			packageProductDependencies = (
			);
			productName = Care4KidsiOSAppUITests;
			productReference = C62C27E62E512DCD00635FDF /* Care4KidsiOSAppUITests.xctest */;
			productType = "com.apple.product-type.bundle.ui-testing";
		};
/* End PBXNativeTarget section */

/* Begin PBXProject section */
		C62C27C42E512DCB00635FDF /* Project object */ = {
			isa = PBXProject;
			attributes = {
				BuildIndependentTargetsInParallel = 1;
				LastSwiftUpdateCheck = 1620;
				LastUpgradeCheck = 1620;
				TargetAttributes = {
					C62C27CB2E512DCB00635FDF = {
						CreatedOnToolsVersion = 16.2;
					};
					C62C27DB2E512DCD00635FDF = {
						CreatedOnToolsVersion = 16.2;
						TestTargetID = C62C27CB2E512DCB00635FDF;
					};
					C62C27E52E512DCD00635FDF = {
						CreatedOnToolsVersion = 16.2;
						TestTargetID = C62C27CB2E512DCB00635FDF;
					};
				};
			};
			buildConfigurationList = C62C27C72E512DCB00635FDF /* Build configuration list for PBXProject "Care4KidsiOSApp" */;
			developmentRegion = en;
			hasScannedForEncodings = 0;
			knownRegions = (
				en,
				Base,
			);
			mainGroup = C62C27C32E512DCB00635FDF;
			minimizedProjectReferenceProxies = 1;
			preferredProjectObjectVersion = 77;
			productRefGroup = C62C27CD2E512DCB00635FDF /* Products */;
			projectDirPath = "";
			projectRoot = "";
			targets = (
				C62C27CB2E512DCB00635FDF /* Care4KidsiOSApp */,
				C62C27DB2E512DCD00635FDF /* Care4KidsiOSAppTests */,
				C62C27E52E512DCD00635FDF /* Care4KidsiOSAppUITests */,
			);
		};
/* End PBXProject section */

/* Begin PBXResourcesBuildPhase section */
		C62C27CA2E512DCB00635FDF /* Resources */ = {
			isa = PBXResourcesBuildPhase;
			buildActionMask = 2147483647;
			files = (
			);
			runOnlyForDeploymentPostprocessing = 0;
		};
		C62C27DA2E512DCD00635FDF /* Resources */ = {
			isa = PBXResourcesBuildPhase;
			buildActionMask = 2147483647;
			files = (
			);
			runOnlyForDeploymentPostprocessing = 0;
		};
		C62C27E42E512DCD00635FDF /* Resources */ = {
			isa = PBXResourcesBuildPhase;
			buildActionMask = 2147483647;
			files = (
			);
			runOnlyForDeploymentPostprocessing = 0;
		};
/* End PBXResourcesBuildPhase section */

/* Begin PBXSourcesBuildPhase section */
		C62C27C82E512DCB00635FDF /* Sources */ = {
			isa = PBXSourcesBuildPhase;
			buildActionMask = 2147483647;
			files = (
			);
			runOnlyForDeploymentPostprocessing = 0;
		};
		C62C27D82E512DCD00635FDF /* Sources */ = {
			isa = PBXSourcesBuildPhase;
			buildActionMask = 2147483647;
			files = (
			);
			runOnlyForDeploymentPostprocessing = 0;
		};
		C62C27E22E512DCD00635FDF /* Sources */ = {
			isa = PBXSourcesBuildPhase;
			buildActionMask = 2147483647;
			files = (
			);
			runOnlyForDeploymentPostprocessing = 0;
		};
/* End PBXSourcesBuildPhase section */

/* Begin PBXTargetDependency section */
		C62C27DE2E512DCD00635FDF /* PBXTargetDependency */ = {
			isa = PBXTargetDependency;
			target = C62C27CB2E512DCB00635FDF /* Care4KidsiOSApp */;
			targetProxy = C62C27DD2E512DCD00635FDF /* PBXContainerItemProxy */;
		};
		C62C27E82E512DCD00635FDF /* PBXTargetDependency */ = {
			isa = PBXTargetDependency;
			target = C62C27CB2E512DCB00635FDF /* Care4KidsiOSApp */;
			targetProxy = C62C27E72E512DCD00635FDF /* PBXContainerItemProxy */;
		};
/* End PBXTargetDependency section */

/* Begin XCBuildConfiguration section */
		C62C27EE2E512DCD00635FDF /* Debug */ = {
			isa = XCBuildConfiguration;
			buildSettings = {
				ALWAYS_SEARCH_USER_PATHS = NO;
				ASSETCATALOG_COMPILER_GENERATE_SWIFT_ASSET_SYMBOL_EXTENSIONS = YES;
				CLANG_ANALYZER_NONNULL = YES;
				CLANG_ANALYZER_NUMBER_OBJECT_CONVERSION = YES_AGGRESSIVE;
				CLANG_CXX_LANGUAGE_STANDARD = "gnu++20";
				CLANG_ENABLE_MODULES = YES;
				CLANG_ENABLE_OBJC_ARC = YES;
				CLANG_ENABLE_OBJC_WEAK = YES;
				CLANG_WARN_BLOCK_CAPTURE_AUTORELEASING = YES;
				CLANG_WARN_BOOL_CONVERSION = YES;
				CLANG_WARN_COMMA = YES;
				CLANG_WARN_CONSTANT_CONVERSION = YES;
				CLANG_WARN_DEPRECATED_OBJC_IMPLEMENTATIONS = YES;
				CLANG_WARN_DIRECT_OBJC_ISA_USAGE = YES_ERROR;
				CLANG_WARN_DOCUMENTATION_COMMENTS = YES;
				CLANG_WARN_EMPTY_BODY = YES;
				CLANG_WARN_ENUM_CONVERSION = YES;
				CLANG_WARN_INFINITE_RECURSION = YES;
				CLANG_WARN_INT_CONVERSION = YES;
				CLANG_WARN_NON_LITERAL_NULL_CONVERSION = YES;
				CLANG_WARN_OBJC_IMPLICIT_RETAIN_SELF = YES;
				CLANG_WARN_OBJC_LITERAL_CONVERSION = YES;
				CLANG_WARN_OBJC_ROOT_CLASS = YES_ERROR;
				CLANG_WARN_QUOTED_INCLUDE_IN_FRAMEWORK_HEADER = YES;
				CLANG_WARN_RANGE_LOOP_ANALYSIS = YES;
				CLANG_WARN_STRICT_PROTOTYPES = YES;
				CLANG_WARN_SUSPICIOUS_MOVE = YES;
				CLANG_WARN_UNGUARDED_AVAILABILITY = YES_AGGRESSIVE;
				CLANG_WARN_UNREACHABLE_CODE = YES;
				CLANG_WARN__DUPLICATE_METHOD_MATCH = YES;
				COPY_PHASE_STRIP = NO;
				DEBUG_INFORMATION_FORMAT = dwarf;
				ENABLE_STRICT_OBJC_MSGSEND = YES;
				ENABLE_TESTABILITY = YES;
				ENABLE_USER_SCRIPT_SANDBOXING = YES;
				GCC_C_LANGUAGE_STANDARD = gnu17;
				GCC_DYNAMIC_NO_PIC = NO;
				GCC_NO_COMMON_BLOCKS = YES;
				GCC_OPTIMIZATION_LEVEL = 0;
				GCC_PREPROCESSOR_DEFINITIONS = (
					"DEBUG=1",
					"$(inherited)",
				);
				GCC_WARN_64_TO_32_BIT_CONVERSION = YES;
				GCC_WARN_ABOUT_RETURN_TYPE = YES_ERROR;
				GCC_WARN_UNDECLARED_SELECTOR = YES;
				GCC_WARN_UNINITIALIZED_AUTOS = YES_AGGRESSIVE;
				GCC_WARN_UNUSED_FUNCTION = YES;
				GCC_WARN_UNUSED_VARIABLE = YES;
				IPHONEOS_DEPLOYMENT_TARGET = 18.2;
				LOCALIZATION_PREFERS_STRING_CATALOGS = YES;
				MTL_ENABLE_DEBUG_INFO = INCLUDE_SOURCE;
				MTL_FAST_MATH = YES;
				ONLY_ACTIVE_ARCH = YES;
				SDKROOT = iphoneos;
				SWIFT_ACTIVE_COMPILATION_CONDITIONS = "DEBUG $(inherited)";
				SWIFT_OPTIMIZATION_LEVEL = "-Onone";
			};
			name = Debug;
		};
		C62C27EF2E512DCD00635FDF /* Release */ = {
			isa = XCBuildConfiguration;
			buildSettings = {
				ALWAYS_SEARCH_USER_PATHS = NO;
				ASSETCATALOG_COMPILER_GENERATE_SWIFT_ASSET_SYMBOL_EXTENSIONS = YES;
				CLANG_ANALYZER_NONNULL = YES;
				CLANG_ANALYZER_NUMBER_OBJECT_CONVERSION = YES_AGGRESSIVE;
				CLANG_CXX_LANGUAGE_STANDARD = "gnu++20";
				CLANG_ENABLE_MODULES = YES;
				CLANG_ENABLE_OBJC_ARC = YES;
				CLANG_ENABLE_OBJC_WEAK = YES;
				CLANG_WARN_BLOCK_CAPTURE_AUTORELEASING = YES;
				CLANG_WARN_BOOL_CONVERSION = YES;
				CLANG_WARN_COMMA = YES;
				CLANG_WARN_CONSTANT_CONVERSION = YES;
				CLANG_WARN_DEPRECATED_OBJC_IMPLEMENTATIONS = YES;
				CLANG_WARN_DIRECT_OBJC_ISA_USAGE = YES_ERROR;
				CLANG_WARN_DOCUMENTATION_COMMENTS = YES;
				CLANG_WARN_EMPTY_BODY = YES;
				CLANG_WARN_ENUM_CONVERSION = YES;
				CLANG_WARN_INFINITE_RECURSION = YES;
				CLANG_WARN_INT_CONVERSION = YES;
				CLANG_WARN_NON_LITERAL_NULL_CONVERSION = YES;
				CLANG_WARN_OBJC_IMPLICIT_RETAIN_SELF = YES;
				CLANG_WARN_OBJC_LITERAL_CONVERSION = YES;
				CLANG_WARN_OBJC_ROOT_CLASS = YES_ERROR;
				CLANG_WARN_QUOTED_INCLUDE_IN_FRAMEWORK_HEADER = YES;
				CLANG_WARN_RANGE_LOOP_ANALYSIS = YES;
				CLANG_WARN_STRICT_PROTOTYPES = YES;
				CLANG_WARN_SUSPICIOUS_MOVE = YES;
				CLANG_WARN_UNGUARDED_AVAILABILITY = YES_AGGRESSIVE;
				CLANG_WARN_UNREACHABLE_CODE = YES;
				CLANG_WARN__DUPLICATE_METHOD_MATCH = YES;
				COPY_PHASE_STRIP = NO;
				DEBUG_INFORMATION_FORMAT = "dwarf-with-dsym";
				ENABLE_NS_ASSERTIONS = NO;
				ENABLE_STRICT_OBJC_MSGSEND = YES;
				ENABLE_USER_SCRIPT_SANDBOXING = YES;
				GCC_C_LANGUAGE_STANDARD = gnu17;
				GCC_NO_COMMON_BLOCKS = YES;
				GCC_WARN_64_TO_32_BIT_CONVERSION = YES;
				GCC_WARN_ABOUT_RETURN_TYPE = YES_ERROR;
				GCC_WARN_UNDECLARED_SELECTOR = YES;
				GCC_WARN_UNINITIALIZED_AUTOS = YES_AGGRESSIVE;
				GCC_WARN_UNUSED_FUNCTION = YES;
				GCC_WARN_UNUSED_VARIABLE = YES;
				IPHONEOS_DEPLOYMENT_TARGET = 18.2;
				LOCALIZATION_PREFERS_STRING_CATALOGS = YES;
				MTL_ENABLE_DEBUG_INFO = NO;
				MTL_FAST_MATH = YES;
				SDKROOT = iphoneos;
				SWIFT_COMPILATION_MODE = wholemodule;
				VALIDATE_PRODUCT = YES;
			};
			name = Release;
		};
		C62C27F12E512DCD00635FDF /* Debug */ = {
			isa = XCBuildConfiguration;
			buildSettings = {
				ASSETCATALOG_COMPILER_APPICON_NAME = AppIcon;
				ASSETCATALOG_COMPILER_GLOBAL_ACCENT_COLOR_NAME = AccentColor;
				CODE_SIGN_STYLE = Automatic;
				CURRENT_PROJECT_VERSION = 1;
				DEVELOPMENT_ASSET_PATHS = "\"Care4KidsiOSApp/Preview Content\"";
				DEVELOPMENT_TEAM = PKU3U5TD2K;
				ENABLE_PREVIEWS = YES;
				GENERATE_INFOPLIST_FILE = YES;
				INFOPLIST_FILE = Care4KidsiOSApp/Info.plist;
				INFOPLIST_KEY_LSApplicationCategoryType = "";
				INFOPLIST_KEY_NSLocationAlwaysAndWhenInUseUsageDescription = "";
				INFOPLIST_KEY_NSLocationWhenInUseUsageDescription = "";
				INFOPLIST_KEY_UIApplicationSceneManifest_Generation = YES;
				INFOPLIST_KEY_UIApplicationSupportsIndirectInputEvents = YES;
				INFOPLIST_KEY_UILaunchScreen_Generation = YES;
				INFOPLIST_KEY_UISupportedInterfaceOrientations_iPad = "UIInterfaceOrientationPortrait UIInterfaceOrientationPortraitUpsideDown UIInterfaceOrientationLandscapeLeft UIInterfaceOrientationLandscapeRight";
				INFOPLIST_KEY_UISupportedInterfaceOrientations_iPhone = "UIInterfaceOrientationPortrait UIInterfaceOrientationLandscapeLeft UIInterfaceOrientationLandscapeRight";
				LD_RUNPATH_SEARCH_PATHS = (
					"$(inherited)",
					"@executable_path/Frameworks",
				);
				MARKETING_VERSION = 1.0;
				PRODUCT_BUNDLE_IDENTIFIER = PETATECK.Care4KidsiOSApp;
				PRODUCT_NAME = "$(TARGET_NAME)";
				SWIFT_EMIT_LOC_STRINGS = YES;
				SWIFT_VERSION = 5.0;
				TARGETED_DEVICE_FAMILY = "1,2";
			};
			name = Debug;
		};
		C62C27F22E512DCD00635FDF /* Release */ = {
			isa = XCBuildConfiguration;
			buildSettings = {
				ASSETCATALOG_COMPILER_APPICON_NAME = AppIcon;
				ASSETCATALOG_COMPILER_GLOBAL_ACCENT_COLOR_NAME = AccentColor;
				CODE_SIGN_STYLE = Automatic;
				CURRENT_PROJECT_VERSION = 1;
				DEVELOPMENT_ASSET_PATHS = "\"Care4KidsiOSApp/Preview Content\"";
				DEVELOPMENT_TEAM = PKU3U5TD2K;
				ENABLE_PREVIEWS = YES;
				GENERATE_INFOPLIST_FILE = YES;
				INFOPLIST_FILE = Care4KidsiOSApp/Info.plist;
				INFOPLIST_KEY_LSApplicationCategoryType = "";
				INFOPLIST_KEY_NSLocationAlwaysAndWhenInUseUsageDescription = "";
				INFOPLIST_KEY_NSLocationWhenInUseUsageDescription = "";
				INFOPLIST_KEY_UIApplicationSceneManifest_Generation = YES;
				INFOPLIST_KEY_UIApplicationSupportsIndirectInputEvents = YES;
				INFOPLIST_KEY_UILaunchScreen_Generation = YES;
				INFOPLIST_KEY_UISupportedInterfaceOrientations_iPad = "UIInterfaceOrientationPortrait UIInterfaceOrientationPortraitUpsideDown UIInterfaceOrientationLandscapeLeft UIInterfaceOrientationLandscapeRight";
				INFOPLIST_KEY_UISupportedInterfaceOrientations_iPhone = "UIInterfaceOrientationPortrait UIInterfaceOrientationLandscapeLeft UIInterfaceOrientationLandscapeRight";
				LD_RUNPATH_SEARCH_PATHS = (
					"$(inherited)",
					"@executable_path/Frameworks",
				);
				MARKETING_VERSION = 1.0;
				PRODUCT_BUNDLE_IDENTIFIER = PETATECK.Care4KidsiOSApp;
				PRODUCT_NAME = "$(TARGET_NAME)";
				SWIFT_EMIT_LOC_STRINGS = YES;
				SWIFT_VERSION = 5.0;
				TARGETED_DEVICE_FAMILY = "1,2";
			};
			name = Release;
		};
		C62C27F42E512DCD00635FDF /* Debug */ = {
			isa = XCBuildConfiguration;
			buildSettings = {
				BUNDLE_LOADER = "$(TEST_HOST)";
				CODE_SIGN_STYLE = Automatic;
				CURRENT_PROJECT_VERSION = 1;
				GENERATE_INFOPLIST_FILE = YES;
				IPHONEOS_DEPLOYMENT_TARGET = 18.2;
				MARKETING_VERSION = 1.0;
				PRODUCT_BUNDLE_IDENTIFIER = PETATECK.Care4KidsiOSAppTests;
				PRODUCT_NAME = "$(TARGET_NAME)";
				SWIFT_EMIT_LOC_STRINGS = NO;
				SWIFT_VERSION = 5.0;
				TARGETED_DEVICE_FAMILY = "1,2";
				TEST_HOST = "$(BUILT_PRODUCTS_DIR)/Care4KidsiOSApp.app/$(BUNDLE_EXECUTABLE_FOLDER_PATH)/Care4KidsiOSApp";
			};
			name = Debug;
		};
		C62C27F52E512DCD00635FDF /* Release */ = {
			isa = XCBuildConfiguration;
			buildSettings = {
				BUNDLE_LOADER = "$(TEST_HOST)";
				CODE_SIGN_STYLE = Automatic;
				CURRENT_PROJECT_VERSION = 1;
				GENERATE_INFOPLIST_FILE = YES;
				IPHONEOS_DEPLOYMENT_TARGET = 18.2;
				MARKETING_VERSION = 1.0;
				PRODUCT_BUNDLE_IDENTIFIER = PETATECK.Care4KidsiOSAppTests;
				PRODUCT_NAME = "$(TARGET_NAME)";
				SWIFT_EMIT_LOC_STRINGS = NO;
				SWIFT_VERSION = 5.0;
				TARGETED_DEVICE_FAMILY = "1,2";
				TEST_HOST = "$(BUILT_PRODUCTS_DIR)/Care4KidsiOSApp.app/$(BUNDLE_EXECUTABLE_FOLDER_PATH)/Care4KidsiOSApp";
			};
			name = Release;
		};
		C62C27F72E512DCD00635FDF /* Debug */ = {
			isa = XCBuildConfiguration;
			buildSettings = {
				CODE_SIGN_STYLE = Automatic;
				CURRENT_PROJECT_VERSION = 1;
				GENERATE_INFOPLIST_FILE = YES;
				MARKETING_VERSION = 1.0;
				PRODUCT_BUNDLE_IDENTIFIER = PETATECK.Care4KidsiOSAppUITests;
				PRODUCT_NAME = "$(TARGET_NAME)";
				SWIFT_EMIT_LOC_STRINGS = NO;
				SWIFT_VERSION = 5.0;
				TARGETED_DEVICE_FAMILY = "1,2";
				TEST_TARGET_NAME = Care4KidsiOSApp;
			};
			name = Debug;
		};
		C62C27F82E512DCD00635FDF /* Release */ = {
			isa = XCBuildConfiguration;
			buildSettings = {
				CODE_SIGN_STYLE = Automatic;
				CURRENT_PROJECT_VERSION = 1;
				GENERATE_INFOPLIST_FILE = YES;
				MARKETING_VERSION = 1.0;
				PRODUCT_BUNDLE_IDENTIFIER = PETATECK.Care4KidsiOSAppUITests;
				PRODUCT_NAME = "$(TARGET_NAME)";
				SWIFT_EMIT_LOC_STRINGS = NO;
				SWIFT_VERSION = 5.0;
				TARGETED_DEVICE_FAMILY = "1,2";
				TEST_TARGET_NAME = Care4KidsiOSApp;
			};
			name = Release;
		};
/* End XCBuildConfiguration section */

/* Begin XCConfigurationList section */
		C62C27C72E512DCB00635FDF /* Build configuration list for PBXProject "Care4KidsiOSApp" */ = {
			isa = XCConfigurationList;
			buildConfigurations = (
				C62C27EE2E512DCD00635FDF /* Debug */,
				C62C27EF2E512DCD00635FDF /* Release */,
			);
			defaultConfigurationIsVisible = 0;
			defaultConfigurationName = Release;
		};
		C62C27F02E512DCD00635FDF /* Build configuration list for PBXNativeTarget "Care4KidsiOSApp" */ = {
			isa = XCConfigurationList;
			buildConfigurations = (
				C62C27F12E512DCD00635FDF /* Debug */,
				C62C27F22E512DCD00635FDF /* Release */,
			);
			defaultConfigurationIsVisible = 0;
			defaultConfigurationName = Release;
		};
		C62C27F32E512DCD00635FDF /* Build configuration list for PBXNativeTarget "Care4KidsiOSAppTests" */ = {
			isa = XCConfigurationList;
			buildConfigurations = (
				C62C27F42E512DCD00635FDF /* Debug */,
				C62C27F52E512DCD00635FDF /* Release */,
			);
			defaultConfigurationIsVisible = 0;
			defaultConfigurationName = Release;
		};
		C62C27F62E512DCD00635FDF /* Build configuration list for PBXNativeTarget "Care4KidsiOSAppUITests" */ = {
			isa = XCConfigurationList;
			buildConfigurations = (
				C62C27F72E512DCD00635FDF /* Debug */,
				C62C27F82E512DCD00635FDF /* Release */,
			);
			defaultConfigurationIsVisible = 0;
			defaultConfigurationName = Release;
		};
/* End XCConfigurationList section */
	};
	rootObject = C62C27C42E512DCB00635FDF /* Project object */;
}
